// !$*UTF8*$!
{
	archiveVersion = 1;
	classes = {
	};
	objectVersion = 56;
	objects = {

/* Begin PBXBuildFile section */
		036D83AF296B5E400018D607 /* MessengerApp.swift in Sources */ = {isa = PBXBuildFile; fileRef = 036D83AE296B5E400018D607 /* MessengerApp.swift */; };
		036D83B1296B5E400018D607 /* LoginView.swift in Sources */ = {isa = PBXBuildFile; fileRef = 036D83B0296B5E400018D607 /* LoginView.swift */; };
		036D83B3296B5E410018D607 /* Assets.xcassets in Resources */ = {isa = PBXBuildFile; fileRef = 036D83B2296B5E410018D607 /* Assets.xcassets */; };
		036D83B6296B5E410018D607 /* Preview Assets.xcassets in Resources */ = {isa = PBXBuildFile; fileRef = 036D83B5296B5E410018D607 /* Preview Assets.xcassets */; };
		036D83C4296B993F0018D607 /* GoogleService-Info.plist in Resources */ = {isa = PBXBuildFile; fileRef = 036D83C3296B993F0018D607 /* GoogleService-Info.plist */; };
		036D83C6296BBFD00018D607 /* ImagePicker.swift in Sources */ = {isa = PBXBuildFile; fileRef = 036D83C5296BBFD00018D607 /* ImagePicker.swift */; };
		036D83CA296C52C80018D607 /* MainMessagesView.swift in Sources */ = {isa = PBXBuildFile; fileRef = 036D83C9296C52C70018D607 /* MainMessagesView.swift */; };
		036D83CC296C6DD30018D607 /* MainMessagesViewModel.swift in Sources */ = {isa = PBXBuildFile; fileRef = 036D83CB296C6DD30018D607 /* MainMessagesViewModel.swift */; };
		036D83CE296C6F710018D607 /* ChatUser.swift in Sources */ = {isa = PBXBuildFile; fileRef = 036D83CD296C6F710018D607 /* ChatUser.swift */; };
		036D83D1296C71140018D607 /* SDWebImageSwiftUI in Frameworks */ = {isa = PBXBuildFile; productRef = 036D83D0296C71140018D607 /* SDWebImageSwiftUI */; };
		036D83D3296C7ED90018D607 /* ContentView.swift in Sources */ = {isa = PBXBuildFile; fileRef = 036D83D2296C7ED90018D607 /* ContentView.swift */; };
		036D83D6296C7F260018D607 /* AuthViewModel.swift in Sources */ = {isa = PBXBuildFile; fileRef = 036D83D5296C7F260018D607 /* AuthViewModel.swift */; };
		036D83D9296C7F790018D607 /* UserService.swift in Sources */ = {isa = PBXBuildFile; fileRef = 036D83D8296C7F790018D607 /* UserService.swift */; };
		036D83DD296C81160018D607 /* FirebaseAuth in Frameworks */ = {isa = PBXBuildFile; productRef = 036D83DC296C81160018D607 /* FirebaseAuth */; };
		036D83DF296C81160018D607 /* FirebaseFirestore in Frameworks */ = {isa = PBXBuildFile; productRef = 036D83DE296C81160018D607 /* FirebaseFirestore */; };
		036D83E1296C81160018D607 /* FirebaseFirestoreSwift in Frameworks */ = {isa = PBXBuildFile; productRef = 036D83E0296C81160018D607 /* FirebaseFirestoreSwift */; };
		036D83E3296C81160018D607 /* FirebaseStorage in Frameworks */ = {isa = PBXBuildFile; productRef = 036D83E2296C81160018D607 /* FirebaseStorage */; };
		03F541C5296D90970056EC6E /* CreateNewMessagesView.swift in Sources */ = {isa = PBXBuildFile; fileRef = 03F541C4296D90970056EC6E /* CreateNewMessagesView.swift */; };
		03F541C9296D94160056EC6E /* CreateNewMessagesViewModel.swift in Sources */ = {isa = PBXBuildFile; fileRef = 03F541C8296D94160056EC6E /* CreateNewMessagesViewModel.swift */; };
		03F541CB296DB20E0056EC6E /* ChatView.swift in Sources */ = {isa = PBXBuildFile; fileRef = 03F541CA296DB20E0056EC6E /* ChatView.swift */; };
/* End PBXBuildFile section */

/* Begin PBXFileReference section */
		036D83AB296B5E400018D607 /* Messenger.app */ = {isa = PBXFileReference; explicitFileType = wrapper.application; includeInIndex = 0; path = Messenger.app; sourceTree = BUILT_PRODUCTS_DIR; };
		036D83AE296B5E400018D607 /* MessengerApp.swift */ = {isa = PBXFileReference; lastKnownFileType = sourcecode.swift; path = MessengerApp.swift; sourceTree = "<group>"; };
		036D83B0296B5E400018D607 /* LoginView.swift */ = {isa = PBXFileReference; lastKnownFileType = sourcecode.swift; path = LoginView.swift; sourceTree = "<group>"; };
		036D83B2296B5E410018D607 /* Assets.xcassets */ = {isa = PBXFileReference; lastKnownFileType = folder.assetcatalog; path = Assets.xcassets; sourceTree = "<group>"; };
		036D83B5296B5E410018D607 /* Preview Assets.xcassets */ = {isa = PBXFileReference; lastKnownFileType = folder.assetcatalog; path = "Preview Assets.xcassets"; sourceTree = "<group>"; };
		036D83C3296B993F0018D607 /* GoogleService-Info.plist */ = {isa = PBXFileReference; fileEncoding = 4; lastKnownFileType = text.plist.xml; path = "GoogleService-Info.plist"; sourceTree = "<group>"; };
		036D83C5296BBFD00018D607 /* ImagePicker.swift */ = {isa = PBXFileReference; lastKnownFileType = sourcecode.swift; path = ImagePicker.swift; sourceTree = "<group>"; };
		036D83C9296C52C70018D607 /* MainMessagesView.swift */ = {isa = PBXFileReference; lastKnownFileType = sourcecode.swift; path = MainMessagesView.swift; sourceTree = "<group>"; };
		036D83CB296C6DD30018D607 /* MainMessagesViewModel.swift */ = {isa = PBXFileReference; lastKnownFileType = sourcecode.swift; path = MainMessagesViewModel.swift; sourceTree = "<group>"; };
		036D83CD296C6F710018D607 /* ChatUser.swift */ = {isa = PBXFileReference; lastKnownFileType = sourcecode.swift; path = ChatUser.swift; sourceTree = "<group>"; };
		036D83D2296C7ED90018D607 /* ContentView.swift */ = {isa = PBXFileReference; lastKnownFileType = sourcecode.swift; path = ContentView.swift; sourceTree = "<group>"; };
		036D83D5296C7F260018D607 /* AuthViewModel.swift */ = {isa = PBXFileReference; lastKnownFileType = sourcecode.swift; path = AuthViewModel.swift; sourceTree = "<group>"; };
		036D83D8296C7F790018D607 /* UserService.swift */ = {isa = PBXFileReference; lastKnownFileType = sourcecode.swift; path = UserService.swift; sourceTree = "<group>"; };
		03F541C4296D90970056EC6E /* CreateNewMessagesView.swift */ = {isa = PBXFileReference; lastKnownFileType = sourcecode.swift; path = CreateNewMessagesView.swift; sourceTree = "<group>"; };
		03F541C8296D94160056EC6E /* CreateNewMessagesViewModel.swift */ = {isa = PBXFileReference; lastKnownFileType = sourcecode.swift; path = CreateNewMessagesViewModel.swift; sourceTree = "<group>"; };
		03F541CA296DB20E0056EC6E /* ChatView.swift */ = {isa = PBXFileReference; lastKnownFileType = sourcecode.swift; path = ChatView.swift; sourceTree = "<group>"; };
/* End PBXFileReference section */

/* Begin PBXFrameworksBuildPhase section */
		036D83A8296B5E400018D607 /* Frameworks */ = {
			isa = PBXFrameworksBuildPhase;
			buildActionMask = 2147483647;
			files = (
				036D83D1296C71140018D607 /* SDWebImageSwiftUI in Frameworks */,
				036D83DD296C81160018D607 /* FirebaseAuth in Frameworks */,
				036D83DF296C81160018D607 /* FirebaseFirestore in Frameworks */,
				036D83E3296C81160018D607 /* FirebaseStorage in Frameworks */,
				036D83E1296C81160018D607 /* FirebaseFirestoreSwift in Frameworks */,
			);
			runOnlyForDeploymentPostprocessing = 0;
		};
/* End PBXFrameworksBuildPhase section */

/* Begin PBXGroup section */
		036D83A2296B5E400018D607 = {
			isa = PBXGroup;
			children = (
				036D83AD296B5E400018D607 /* Messenger */,
				036D83AC296B5E400018D607 /* Products */,
			);
			sourceTree = "<group>";
		};
		036D83AC296B5E400018D607 /* Products */ = {
			isa = PBXGroup;
			children = (
				036D83AB296B5E400018D607 /* Messenger.app */,
			);
			name = Products;
			sourceTree = "<group>";
		};
		036D83AD296B5E400018D607 /* Messenger */ = {
			isa = PBXGroup;
			children = (
				036D83DA296C80930018D607 /* Models */,
				03F541C7296D921E0056EC6E /* Utilities */,
				036D83D7296C7F670018D607 /* Services */,
				03F541C6296D92050056EC6E /* Core */,
				036D83AE296B5E400018D607 /* MessengerApp.swift */,
				036D83D2296C7ED90018D607 /* ContentView.swift */,
				036D83B2296B5E410018D607 /* Assets.xcassets */,
				036D83B4296B5E410018D607 /* Preview Content */,
				036D83C3296B993F0018D607 /* GoogleService-Info.plist */,
			);
			path = Messenger;
			sourceTree = "<group>";
		};
		036D83B4296B5E410018D607 /* Preview Content */ = {
			isa = PBXGroup;
			children = (
				036D83B5296B5E410018D607 /* Preview Assets.xcassets */,
			);
			path = "Preview Content";
			sourceTree = "<group>";
		};
		036D83C8296C52B80018D607 /* MainMessages */ = {
			isa = PBXGroup;
			children = (
				03F541C3296D908A0056EC6E /* ViewModels */,
				03F541C2296D90810056EC6E /* Views */,
			);
			path = MainMessages;
			sourceTree = "<group>";
		};
		036D83D4296C7F0C0018D607 /* Auth */ = {
			isa = PBXGroup;
			children = (
				036D83D5296C7F260018D607 /* AuthViewModel.swift */,
				036D83B0296B5E400018D607 /* LoginView.swift */,
			);
			path = Auth;
			sourceTree = "<group>";
		};
		036D83D7296C7F670018D607 /* Services */ = {
			isa = PBXGroup;
			children = (
				036D83D8296C7F790018D607 /* UserService.swift */,
			);
			path = Services;
			sourceTree = "<group>";
		};
		036D83DA296C80930018D607 /* Models */ = {
			isa = PBXGroup;
			children = (
				036D83CD296C6F710018D607 /* ChatUser.swift */,
			);
			path = Models;
			sourceTree = "<group>";
		};
		03F541C2296D90810056EC6E /* Views */ = {
			isa = PBXGroup;
			children = (
				036D83C9296C52C70018D607 /* MainMessagesView.swift */,
				03F541C4296D90970056EC6E /* CreateNewMessagesView.swift */,
				03F541CA296DB20E0056EC6E /* ChatView.swift */,
			);
			path = Views;
			sourceTree = "<group>";
		};
		03F541C3296D908A0056EC6E /* ViewModels */ = {
			isa = PBXGroup;
			children = (
				036D83CB296C6DD30018D607 /* MainMessagesViewModel.swift */,
				03F541C8296D94160056EC6E /* CreateNewMessagesViewModel.swift */,
			);
			path = ViewModels;
			sourceTree = "<group>";
		};
		03F541C6296D92050056EC6E /* Core */ = {
			isa = PBXGroup;
			children = (
				036D83D4296C7F0C0018D607 /* Auth */,
				036D83C8296C52B80018D607 /* MainMessages */,
			);
			path = Core;
			sourceTree = "<group>";
		};
		03F541C7296D921E0056EC6E /* Utilities */ = {
			isa = PBXGroup;
			children = (
				036D83C5296BBFD00018D607 /* ImagePicker.swift */,
			);
			path = Utilities;
			sourceTree = "<group>";
		};
/* End PBXGroup section */

/* Begin PBXNativeTarget section */
		036D83AA296B5E400018D607 /* Messenger */ = {
			isa = PBXNativeTarget;
			buildConfigurationList = 036D83B9296B5E410018D607 /* Build configuration list for PBXNativeTarget "Messenger" */;
			buildPhases = (
				036D83A7296B5E400018D607 /* Sources */,
				036D83A8296B5E400018D607 /* Frameworks */,
				036D83A9296B5E400018D607 /* Resources */,
			);
			buildRules = (
			);
			dependencies = (
			);
			name = Messenger;
			packageProductDependencies = (
				036D83D0296C71140018D607 /* SDWebImageSwiftUI */,
				036D83DC296C81160018D607 /* FirebaseAuth */,
				036D83DE296C81160018D607 /* FirebaseFirestore */,
				036D83E0296C81160018D607 /* FirebaseFirestoreSwift */,
				036D83E2296C81160018D607 /* FirebaseStorage */,
			);
			productName = Messenger;
			productReference = 036D83AB296B5E400018D607 /* Messenger.app */;
			productType = "com.apple.product-type.application";
		};
/* End PBXNativeTarget section */

/* Begin PBXProject section */
		036D83A3296B5E400018D607 /* Project object */ = {
			isa = PBXProject;
			attributes = {
				BuildIndependentTargetsInParallel = 1;
				LastSwiftUpdateCheck = 1420;
				LastUpgradeCheck = 1420;
				TargetAttributes = {
					036D83AA296B5E400018D607 = {
						CreatedOnToolsVersion = 14.2;
					};
				};
			};
			buildConfigurationList = 036D83A6296B5E400018D607 /* Build configuration list for PBXProject "Messenger" */;
			compatibilityVersion = "Xcode 14.0";
			developmentRegion = en;
			hasScannedForEncodings = 0;
			knownRegions = (
				en,
				Base,
			);
			mainGroup = 036D83A2296B5E400018D607;
			packageReferences = (
				036D83CF296C71140018D607 /* XCRemoteSwiftPackageReference "SDWebImageSwiftUI" */,
				036D83DB296C81160018D607 /* XCRemoteSwiftPackageReference "firebase-ios-sdk" */,
			);
			productRefGroup = 036D83AC296B5E400018D607 /* Products */;
			projectDirPath = "";
			projectRoot = "";
			targets = (
				036D83AA296B5E400018D607 /* Messenger */,
			);
		};
/* End PBXProject section */

/* Begin PBXResourcesBuildPhase section */
		036D83A9296B5E400018D607 /* Resources */ = {
			isa = PBXResourcesBuildPhase;
			buildActionMask = 2147483647;
			files = (
				036D83B6296B5E410018D607 /* Preview Assets.xcassets in Resources */,
				036D83B3296B5E410018D607 /* Assets.xcassets in Resources */,
				036D83C4296B993F0018D607 /* GoogleService-Info.plist in Resources */,
			);
			runOnlyForDeploymentPostprocessing = 0;
		};
/* End PBXResourcesBuildPhase section */

/* Begin PBXSourcesBuildPhase section */
		036D83A7296B5E400018D607 /* Sources */ = {
			isa = PBXSourcesBuildPhase;
			buildActionMask = 2147483647;
			files = (
				036D83C6296BBFD00018D607 /* ImagePicker.swift in Sources */,
				036D83CA296C52C80018D607 /* MainMessagesView.swift in Sources */,
				036D83D9296C7F790018D607 /* UserService.swift in Sources */,
				036D83D3296C7ED90018D607 /* ContentView.swift in Sources */,
				03F541CB296DB20E0056EC6E /* ChatView.swift in Sources */,
				036D83CE296C6F710018D607 /* ChatUser.swift in Sources */,
				036D83D6296C7F260018D607 /* AuthViewModel.swift in Sources */,
				036D83B1296B5E400018D607 /* LoginView.swift in Sources */,
				03F541C5296D90970056EC6E /* CreateNewMessagesView.swift in Sources */,
				036D83AF296B5E400018D607 /* MessengerApp.swift in Sources */,
				03F541C9296D94160056EC6E /* CreateNewMessagesViewModel.swift in Sources */,
				036D83CC296C6DD30018D607 /* MainMessagesViewModel.swift in Sources */,
			);
			runOnlyForDeploymentPostprocessing = 0;
		};
/* End PBXSourcesBuildPhase section */

/* Begin XCBuildConfiguration section */
		036D83B7296B5E410018D607 /* Debug */ = {
			isa = XCBuildConfiguration;
			buildSettings = {
				ALWAYS_SEARCH_USER_PATHS = NO;
				CLANG_ANALYZER_NONNULL = YES;
				CLANG_ANALYZER_NUMBER_OBJECT_CONVERSION = YES_AGGRESSIVE;
				CLANG_CXX_LANGUAGE_STANDARD = "gnu++20";
				CLANG_ENABLE_MODULES = YES;
				CLANG_ENABLE_OBJC_ARC = YES;
				CLANG_ENABLE_OBJC_WEAK = YES;
				CLANG_WARN_BLOCK_CAPTURE_AUTORELEASING = YES;
				CLANG_WARN_BOOL_CONVERSION = YES;
				CLANG_WARN_COMMA = YES;
				CLANG_WARN_CONSTANT_CONVERSION = YES;
				CLANG_WARN_DEPRECATED_OBJC_IMPLEMENTATIONS = YES;
				CLANG_WARN_DIRECT_OBJC_ISA_USAGE = YES_ERROR;
				CLANG_WARN_DOCUMENTATION_COMMENTS = YES;
				CLANG_WARN_EMPTY_BODY = YES;
				CLANG_WARN_ENUM_CONVERSION = YES;
				CLANG_WARN_INFINITE_RECURSION = YES;
				CLANG_WARN_INT_CONVERSION = YES;
				CLANG_WARN_NON_LITERAL_NULL_CONVERSION = YES;
				CLANG_WARN_OBJC_IMPLICIT_RETAIN_SELF = YES;
				CLANG_WARN_OBJC_LITERAL_CONVERSION = YES;
				CLANG_WARN_OBJC_ROOT_CLASS = YES_ERROR;
				CLANG_WARN_QUOTED_INCLUDE_IN_FRAMEWORK_HEADER = YES;
				CLANG_WARN_RANGE_LOOP_ANALYSIS = YES;
				CLANG_WARN_STRICT_PROTOTYPES = YES;
				CLANG_WARN_SUSPICIOUS_MOVE = YES;
				CLANG_WARN_UNGUARDED_AVAILABILITY = YES_AGGRESSIVE;
				CLANG_WARN_UNREACHABLE_CODE = YES;
				CLANG_WARN__DUPLICATE_METHOD_MATCH = YES;
				COPY_PHASE_STRIP = NO;
				DEBUG_INFORMATION_FORMAT = dwarf;
				ENABLE_STRICT_OBJC_MSGSEND = YES;
				ENABLE_TESTABILITY = YES;
				GCC_C_LANGUAGE_STANDARD = gnu11;
				GCC_DYNAMIC_NO_PIC = NO;
				GCC_NO_COMMON_BLOCKS = YES;
				GCC_OPTIMIZATION_LEVEL = 0;
				GCC_PREPROCESSOR_DEFINITIONS = (
					"DEBUG=1",
					"$(inherited)",
				);
				GCC_WARN_64_TO_32_BIT_CONVERSION = YES;
				GCC_WARN_ABOUT_RETURN_TYPE = YES_ERROR;
				GCC_WARN_UNDECLARED_SELECTOR = YES;
				GCC_WARN_UNINITIALIZED_AUTOS = YES_AGGRESSIVE;
				GCC_WARN_UNUSED_FUNCTION = YES;
				GCC_WARN_UNUSED_VARIABLE = YES;
				IPHONEOS_DEPLOYMENT_TARGET = 16.2;
				MTL_ENABLE_DEBUG_INFO = INCLUDE_SOURCE;
				MTL_FAST_MATH = YES;
				ONLY_ACTIVE_ARCH = YES;
				SDKROOT = iphoneos;
				SWIFT_ACTIVE_COMPILATION_CONDITIONS = DEBUG;
				SWIFT_OPTIMIZATION_LEVEL = "-Onone";
			};
			name = Debug;
		};
		036D83B8296B5E410018D607 /* Release */ = {
			isa = XCBuildConfiguration;
			buildSettings = {
				ALWAYS_SEARCH_USER_PATHS = NO;
				CLANG_ANALYZER_NONNULL = YES;
				CLANG_ANALYZER_NUMBER_OBJECT_CONVERSION = YES_AGGRESSIVE;
				CLANG_CXX_LANGUAGE_STANDARD = "gnu++20";
				CLANG_ENABLE_MODULES = YES;
				CLANG_ENABLE_OBJC_ARC = YES;
				CLANG_ENABLE_OBJC_WEAK = YES;
				CLANG_WARN_BLOCK_CAPTURE_AUTORELEASING = YES;
				CLANG_WARN_BOOL_CONVERSION = YES;
				CLANG_WARN_COMMA = YES;
				CLANG_WARN_CONSTANT_CONVERSION = YES;
				CLANG_WARN_DEPRECATED_OBJC_IMPLEMENTATIONS = YES;
				CLANG_WARN_DIRECT_OBJC_ISA_USAGE = YES_ERROR;
				CLANG_WARN_DOCUMENTATION_COMMENTS = YES;
				CLANG_WARN_EMPTY_BODY = YES;
				CLANG_WARN_ENUM_CONVERSION = YES;
				CLANG_WARN_INFINITE_RECURSION = YES;
				CLANG_WARN_INT_CONVERSION = YES;
				CLANG_WARN_NON_LITERAL_NULL_CONVERSION = YES;
				CLANG_WARN_OBJC_IMPLICIT_RETAIN_SELF = YES;
				CLANG_WARN_OBJC_LITERAL_CONVERSION = YES;
				CLANG_WARN_OBJC_ROOT_CLASS = YES_ERROR;
				CLANG_WARN_QUOTED_INCLUDE_IN_FRAMEWORK_HEADER = YES;
				CLANG_WARN_RANGE_LOOP_ANALYSIS = YES;
				CLANG_WARN_STRICT_PROTOTYPES = YES;
				CLANG_WARN_SUSPICIOUS_MOVE = YES;
				CLANG_WARN_UNGUARDED_AVAILABILITY = YES_AGGRESSIVE;
				CLANG_WARN_UNREACHABLE_CODE = YES;
				CLANG_WARN__DUPLICATE_METHOD_MATCH = YES;
				COPY_PHASE_STRIP = NO;
				DEBUG_INFORMATION_FORMAT = "dwarf-with-dsym";
				ENABLE_NS_ASSERTIONS = NO;
				ENABLE_STRICT_OBJC_MSGSEND = YES;
				GCC_C_LANGUAGE_STANDARD = gnu11;
				GCC_NO_COMMON_BLOCKS = YES;
				GCC_WARN_64_TO_32_BIT_CONVERSION = YES;
				GCC_WARN_ABOUT_RETURN_TYPE = YES_ERROR;
				GCC_WARN_UNDECLARED_SELECTOR = YES;
				GCC_WARN_UNINITIALIZED_AUTOS = YES_AGGRESSIVE;
				GCC_WARN_UNUSED_FUNCTION = YES;
				GCC_WARN_UNUSED_VARIABLE = YES;
				IPHONEOS_DEPLOYMENT_TARGET = 16.2;
				MTL_ENABLE_DEBUG_INFO = NO;
				MTL_FAST_MATH = YES;
				SDKROOT = iphoneos;
				SWIFT_COMPILATION_MODE = wholemodule;
				SWIFT_OPTIMIZATION_LEVEL = "-O";
				VALIDATE_PRODUCT = YES;
			};
			name = Release;
		};
		036D83BA296B5E410018D607 /* Debug */ = {
			isa = XCBuildConfiguration;
			buildSettings = {
				ASSETCATALOG_COMPILER_APPICON_NAME = AppIcon;
				ASSETCATALOG_COMPILER_GLOBAL_ACCENT_COLOR_NAME = AccentColor;
				CODE_SIGN_STYLE = Automatic;
				CURRENT_PROJECT_VERSION = 1;
				DEVELOPMENT_ASSET_PATHS = "\"Messenger/Preview Content\"";
				DEVELOPMENT_TEAM = QV6YG7T84D;
				ENABLE_PREVIEWS = YES;
				GENERATE_INFOPLIST_FILE = YES;
				INFOPLIST_KEY_UIApplicationSceneManifest_Generation = YES;
				INFOPLIST_KEY_UIApplicationSupportsIndirectInputEvents = YES;
				INFOPLIST_KEY_UILaunchScreen_Generation = YES;
				INFOPLIST_KEY_UISupportedInterfaceOrientations_iPad = "UIInterfaceOrientationPortrait UIInterfaceOrientationPortraitUpsideDown UIInterfaceOrientationLandscapeLeft UIInterfaceOrientationLandscapeRight";
				INFOPLIST_KEY_UISupportedInterfaceOrientations_iPhone = "UIInterfaceOrientationPortrait UIInterfaceOrientationLandscapeLeft UIInterfaceOrientationLandscapeRight";
				LD_RUNPATH_SEARCH_PATHS = (
					"$(inherited)",
					"@executable_path/Frameworks",
				);
				MARKETING_VERSION = 1.0;
				PRODUCT_BUNDLE_IDENTIFIER = com.amirkaidarov.Messenger;
				PRODUCT_NAME = "$(TARGET_NAME)";
				SWIFT_EMIT_LOC_STRINGS = YES;
				SWIFT_VERSION = 5.0;
				TARGETED_DEVICE_FAMILY = "1,2";
			};
			name = Debug;
		};
		036D83BB296B5E410018D607 /* Release */ = {
			isa = XCBuildConfiguration;
			buildSettings = {
				ASSETCATALOG_COMPILER_APPICON_NAME = AppIcon;
				ASSETCATALOG_COMPILER_GLOBAL_ACCENT_COLOR_NAME = AccentColor;
				CODE_SIGN_STYLE = Automatic;
				CURRENT_PROJECT_VERSION = 1;
				DEVELOPMENT_ASSET_PATHS = "\"Messenger/Preview Content\"";
				DEVELOPMENT_TEAM = QV6YG7T84D;
				ENABLE_PREVIEWS = YES;
				GENERATE_INFOPLIST_FILE = YES;
				INFOPLIST_KEY_UIApplicationSceneManifest_Generation = YES;
				INFOPLIST_KEY_UIApplicationSupportsIndirectInputEvents = YES;
				INFOPLIST_KEY_UILaunchScreen_Generation = YES;
				INFOPLIST_KEY_UISupportedInterfaceOrientations_iPad = "UIInterfaceOrientationPortrait UIInterfaceOrientationPortraitUpsideDown UIInterfaceOrientationLandscapeLeft UIInterfaceOrientationLandscapeRight";
				INFOPLIST_KEY_UISupportedInterfaceOrientations_iPhone = "UIInterfaceOrientationPortrait UIInterfaceOrientationLandscapeLeft UIInterfaceOrientationLandscapeRight";
				LD_RUNPATH_SEARCH_PATHS = (
					"$(inherited)",
					"@executable_path/Frameworks",
				);
				MARKETING_VERSION = 1.0;
				PRODUCT_BUNDLE_IDENTIFIER = com.amirkaidarov.Messenger;
				PRODUCT_NAME = "$(TARGET_NAME)";
				SWIFT_EMIT_LOC_STRINGS = YES;
				SWIFT_VERSION = 5.0;
				TARGETED_DEVICE_FAMILY = "1,2";
			};
			name = Release;
		};
/* End XCBuildConfiguration section */

/* Begin XCConfigurationList section */
		036D83A6296B5E400018D607 /* Build configuration list for PBXProject "Messenger" */ = {
			isa = XCConfigurationList;
			buildConfigurations = (
				036D83B7296B5E410018D607 /* Debug */,
				036D83B8296B5E410018D607 /* Release */,
			);
			defaultConfigurationIsVisible = 0;
			defaultConfigurationName = Release;
		};
		036D83B9296B5E410018D607 /* Build configuration list for PBXNativeTarget "Messenger" */ = {
			isa = XCConfigurationList;
			buildConfigurations = (
				036D83BA296B5E410018D607 /* Debug */,
				036D83BB296B5E410018D607 /* Release */,
			);
			defaultConfigurationIsVisible = 0;
			defaultConfigurationName = Release;
		};
/* End XCConfigurationList section */

/* Begin XCRemoteSwiftPackageReference section */
		036D83CF296C71140018D607 /* XCRemoteSwiftPackageReference "SDWebImageSwiftUI" */ = {
			isa = XCRemoteSwiftPackageReference;
			repositoryURL = "https://github.com/SDWebImage/SDWebImageSwiftUI.git";
			requirement = {
				kind = upToNextMajorVersion;
				minimumVersion = 2.0.0;
			};
		};
		036D83DB296C81160018D607 /* XCRemoteSwiftPackageReference "firebase-ios-sdk" */ = {
			isa = XCRemoteSwiftPackageReference;
			repositoryURL = "https://github.com/firebase/firebase-ios-sdk.git";
			requirement = {
				branch = master;
				kind = branch;
			};
		};
/* End XCRemoteSwiftPackageReference section */

/* Begin XCSwiftPackageProductDependency section */
		036D83D0296C71140018D607 /* SDWebImageSwiftUI */ = {
			isa = XCSwiftPackageProductDependency;
			package = 036D83CF296C71140018D607 /* XCRemoteSwiftPackageReference "SDWebImageSwiftUI" */;
			productName = SDWebImageSwiftUI;
		};
		036D83DC296C81160018D607 /* FirebaseAuth */ = {
			isa = XCSwiftPackageProductDependency;
			package = 036D83DB296C81160018D607 /* XCRemoteSwiftPackageReference "firebase-ios-sdk" */;
			productName = FirebaseAuth;
		};
		036D83DE296C81160018D607 /* FirebaseFirestore */ = {
			isa = XCSwiftPackageProductDependency;
			package = 036D83DB296C81160018D607 /* XCRemoteSwiftPackageReference "firebase-ios-sdk" */;
			productName = FirebaseFirestore;
		};
		036D83E0296C81160018D607 /* FirebaseFirestoreSwift */ = {
			isa = XCSwiftPackageProductDependency;
			package = 036D83DB296C81160018D607 /* XCRemoteSwiftPackageReference "firebase-ios-sdk" */;
			productName = FirebaseFirestoreSwift;
		};
		036D83E2296C81160018D607 /* FirebaseStorage */ = {
			isa = XCSwiftPackageProductDependency;
			package = 036D83DB296C81160018D607 /* XCRemoteSwiftPackageReference "firebase-ios-sdk" */;
			productName = FirebaseStorage;
		};
/* End XCSwiftPackageProductDependency section */
	};
	rootObject = 036D83A3296B5E400018D607 /* Project object */;
}
